Microsoft Visual Studio Solution File, Format Version 12.00
# Visual Studio Version 17
VisualStudioVersion = 17.5.2.0
MinimumVisualStudioVersion = 10.0.40219.1
Project("{FAE04EC0-301F-11D3-BF4B-00C04F79EFBC}") = "ClimbingStairs", "ClimbingStairs.csproj", "{4EF8A526-D1D0-DAF6-5C68-A0F365AE3ABD}"
EndProject
Global
	GlobalSection(SolutionConfigurationPlatforms) = preSolution
		Debug|Any CPU = Debug|Any CPU
		Release|Any CPU = Release|Any CPU
	EndGlobalSection
	GlobalSection(ProjectConfigurationPlatforms) = postSolution
		{4EF8A526-D1D0-DAF6-5C68-A0F365AE3ABD}.Debug|Any CPU.ActiveCfg = Debug|Any CPU
		{4EF8A526-D1D0-DAF6-5C68-A0F365AE3ABD}.Debug|Any CPU.Build.0 = Debug|Any CPU
		{4EF8A526-D1D0-DAF6-5C68-A0F365AE3ABD}.Release|Any CPU.ActiveCfg = Release|Any CPU
		{4EF8A526-D1D0-DAF6-5C68-A0F365AE3ABD}.Release|Any CPU.Build.0 = Release|Any CPU
	EndGlobalSection
	GlobalSection(SolutionProperties) = preSolution
		HideSolutionNode = FALSE
	EndGlobalSection
	GlobalSection(ExtensibilityGlobals) = postSolution
		SolutionGuid = {5AF4251A-3EE6-4920-B646-70833B3AC0F8}
	EndGlobalSection
EndGlobal
