Microsoft Visual Studio Solution File, Format Version 12.00
# Visual Studio Version 17
VisualStudioVersion = 17.5.2.0
MinimumVisualStudioVersion = 10.0.40219.1
Project("{FAE04EC0-301F-11D3-BF4B-00C04F79EFBC}") = "FindTargetIndices", "FindTargetIndices.csproj", "{30194530-CB17-8277-1C4C-CE548BD11626}"
EndProject
Global
	GlobalSection(SolutionConfigurationPlatforms) = preSolution
		Debug|Any CPU = Debug|Any CPU
		Release|Any CPU = Release|Any CPU
	EndGlobalSection
	GlobalSection(ProjectConfigurationPlatforms) = postSolution
		{30194530-CB17-8277-1C4C-CE548BD11626}.Debug|Any CPU.ActiveCfg = Debug|Any CPU
		{30194530-CB17-8277-1C4C-CE548BD11626}.Debug|Any CPU.Build.0 = Debug|Any CPU
		{30194530-CB17-8277-1C4C-CE548BD11626}.Release|Any CPU.ActiveCfg = Release|Any CPU
		{30194530-CB17-8277-1C4C-CE548BD11626}.Release|Any CPU.Build.0 = Release|Any CPU
	EndGlobalSection
	GlobalSection(SolutionProperties) = preSolution
		HideSolutionNode = FALSE
	EndGlobalSection
	GlobalSection(ExtensibilityGlobals) = postSolution
		SolutionGuid = {ADE30ED2-3B0C-42DB-BD45-955AC062353B}
	EndGlobalSection
EndGlobal
