Microsoft Visual Studio Solution File, Format Version 12.00
# Visual Studio Version 17
VisualStudioVersion = 17.5.2.0
MinimumVisualStudioVersion = 10.0.40219.1
Project("{FAE04EC0-301F-11D3-BF4B-00C04F79EFBC}") = "FinalValueAfterOperations", "FinalValueAfterOperations.csproj", "{5B2BFF7D-394B-7B25-AE38-F64B24A14E03}"
EndProject
Global
	GlobalSection(SolutionConfigurationPlatforms) = preSolution
		Debug|Any CPU = Debug|Any CPU
		Release|Any CPU = Release|Any CPU
	EndGlobalSection
	GlobalSection(ProjectConfigurationPlatforms) = postSolution
		{5B2BFF7D-394B-7B25-AE38-F64B24A14E03}.Debug|Any CPU.ActiveCfg = Debug|Any CPU
		{5B2BFF7D-394B-7B25-AE38-F64B24A14E03}.Debug|Any CPU.Build.0 = Debug|Any CPU
		{5B2BFF7D-394B-7B25-AE38-F64B24A14E03}.Release|Any CPU.ActiveCfg = Release|Any CPU
		{5B2BFF7D-394B-7B25-AE38-F64B24A14E03}.Release|Any CPU.Build.0 = Release|Any CPU
	EndGlobalSection
	GlobalSection(SolutionProperties) = preSolution
		HideSolutionNode = FALSE
	EndGlobalSection
	GlobalSection(ExtensibilityGlobals) = postSolution
		SolutionGuid = {DEFF3FBF-9FB7-4886-BC31-829C7E69146A}
	EndGlobalSection
EndGlobal
