
Microsoft Visual Studio Solution File, Format Version 12.00
# Visual Studio Version 17
VisualStudioVersion = 17.8.34316.72
MinimumVisualStudioVersion = 10.0.40219.1
Project("{FAE04EC0-301F-11D3-BF4B-00C04F79EFBC}") = "PancakeSorting", "PancakeSorting.csproj", "{07C88A44-95E5-48B1-934D-CC765F5F20F7}"
EndProject
Global
	GlobalSection(SolutionConfigurationPlatforms) = preSolution
		Debug|Any CPU = Debug|Any CPU
		Release|Any CPU = Release|Any CPU
	EndGlobalSection
	GlobalSection(ProjectConfigurationPlatforms) = postSolution
		{07C88A44-95E5-48B1-934D-CC765F5F20F7}.Debug|Any CPU.ActiveCfg = Debug|Any CPU
		{07C88A44-95E5-48B1-934D-CC765F5F20F7}.Debug|Any CPU.Build.0 = Debug|Any CPU
		{07C88A44-95E5-48B1-934D-CC765F5F20F7}.Release|Any CPU.ActiveCfg = Release|Any CPU
		{07C88A44-95E5-48B1-934D-CC765F5F20F7}.Release|Any CPU.Build.0 = Release|Any CPU
	EndGlobalSection
	GlobalSection(SolutionProperties) = preSolution
		HideSolutionNode = FALSE
	EndGlobalSection
	GlobalSection(ExtensibilityGlobals) = postSolution
		SolutionGuid = {F1E0C4CC-CD7B-4262-A906-ABF97E947BCD}
	EndGlobalSection
EndGlobal
